<?xml version="1.0" encoding="UTF-8" standalone="yes" ?>
<CodeBlocks_project_file>
	<FileVersion major="1" minor="6" />
	<Project>
		<Option title="LightningRod" />
		<Option pch_mode="2" />
		<Option compiler="gcc" />
		<Build>
			<Target title="Debug">
				<Option output="bin/Debug/LightningRod" prefix_auto="1" extension_auto="1" />
				<Option object_output="obj/Debug/" />
				<Option type="1" />
				<Option compiler="gcc" />
				<Compiler>
					<Add option="-g" />
				</Compiler>
			</Target>
			<Target title="Release">
				<Option output="bin/Release/LightningRod" prefix_auto="1" extension_auto="1" />
				<Option object_output="obj/Release/" />
				<Option type="0" />
				<Option compiler="gcc" />
				<Compiler>
					<Add option="-O2" />
				</Compiler>
				<Linker>
					<Add option="-s" />
				</Linker>
			</Target>
		</Build>
		<Compiler>
			<Add directory="include" />
		</Compiler>
		<Linker>
			<Add library="sfml-audio" />
			<Add library="sfml-graphics" />
			<Add library="sfml-network" />
			<Add library="sfml-system" />
			<Add library="sfml-window" />
		</Linker>
		<Unit filename="include/H.h" />
		<Unit filename="include/HGame.h" />
		<Unit filename="include/HResources.h" />
		<Unit filename="include/HRoom.h" />
		<Unit filename="include/HScreen.h" />
		<Unit filename="include/LDraw.h" />
		<Unit filename="include/Obj.h" />
		<Unit filename="include/ObjChar.h" />
		<Unit filename="include/ObjMask.h" />
		<Unit filename="include/Room.h" />
		<Unit filename="include/Spr.h" />
		<Unit filename="include/SprChar.h" />
		<Unit filename="include/SprRoomTest.h" />
		<Unit filename="src/HGame.cpp" />
		<Unit filename="src/HResources.cpp" />
		<Unit filename="src/HRoom.cpp" />
		<Unit filename="src/HScreen.cpp" />
		<Unit filename="src/LDraw.cpp" />
		<Unit filename="src/Obj.cpp" />
		<Unit filename="src/ObjChar.cpp" />
		<Unit filename="src/ObjMask.cpp" />
		<Unit filename="src/Room.cpp" />
		<Unit filename="src/Spr.cpp" />
		<Unit filename="src/SprChar.cpp" />
		<Unit filename="src/SprRoomTest.cpp" />
		<Unit filename="src/main.cpp" />
		<Extensions>
			<code_completion />
			<debugger />
		</Extensions>
	</Project>
</CodeBlocks_project_file>
